
Microsoft Visual Studio Solution File, Format Version 12.00
# Visual Studio Version 17
VisualStudioVersion = 17.9.34701.34
MinimumVisualStudioVersion = 10.0.40219.1
Project("{FAE04EC0-301F-11D3-BF4B-00C04F79EFBC}") = "program", "program\program.csproj", "{C670EEE8-CFCC-4DA5-9EEC-5B56D8B10102}"
EndProject
Project("{FAE04EC0-301F-11D3-BF4B-00C04F79EFBC}") = "Test", "Test\Test.csproj", "{EC57C324-E6C9-43E3-AB77-9848574306EA}"
EndProject
Global
	GlobalSection(SolutionConfigurationPlatforms) = preSolution
		Debug|Any CPU = Debug|Any CPU
		Release|Any CPU = Release|Any CPU
	EndGlobalSection
	GlobalSection(ProjectConfigurationPlatforms) = postSolution
		{C670EEE8-CFCC-4DA5-9EEC-5B56D8B10102}.Debug|Any CPU.ActiveCfg = Debug|Any CPU
		{C670EEE8-CFCC-4DA5-9EEC-5B56D8B10102}.Debug|Any CPU.Build.0 = Debug|Any CPU
		{C670EEE8-CFCC-4DA5-9EEC-5B56D8B10102}.Release|Any CPU.ActiveCfg = Release|Any CPU
		{C670EEE8-CFCC-4DA5-9EEC-5B56D8B10102}.Release|Any CPU.Build.0 = Release|Any CPU
		{EC57C324-E6C9-43E3-AB77-9848574306EA}.Debug|Any CPU.ActiveCfg = Debug|Any CPU
		{EC57C324-E6C9-43E3-AB77-9848574306EA}.Debug|Any CPU.Build.0 = Debug|Any CPU
		{EC57C324-E6C9-43E3-AB77-9848574306EA}.Release|Any CPU.ActiveCfg = Release|Any CPU
		{EC57C324-E6C9-43E3-AB77-9848574306EA}.Release|Any CPU.Build.0 = Release|Any CPU
	EndGlobalSection
	GlobalSection(SolutionProperties) = preSolution
		HideSolutionNode = FALSE
	EndGlobalSection
	GlobalSection(ExtensibilityGlobals) = postSolution
		SolutionGuid = {40927242-EBAE-4537-8F86-F9451CD619E0}
	EndGlobalSection
EndGlobal
