
Microsoft Visual Studio Solution File, Format Version 12.00
# Visual Studio Version 17
VisualStudioVersion = 17.9.34701.34
MinimumVisualStudioVersion = 10.0.40219.1
Project("{FAE04EC0-301F-11D3-BF4B-00C04F79EFBC}") = "View", "Presentation\View.csproj", "{5A10D5F8-52DD-4112-8728-10FCEEE04A36}"
EndProject
Project("{FAE04EC0-301F-11D3-BF4B-00C04F79EFBC}") = "Data", "Data\Data.csproj", "{9124CE75-4219-46F5-AD53-F7AC8C2EA377}"
EndProject
Project("{FAE04EC0-301F-11D3-BF4B-00C04F79EFBC}") = "Logic", "Logic\Logic.csproj", "{56BAB99D-08F2-4259-9C85-4DA93B55220B}"
EndProject
Project("{FAE04EC0-301F-11D3-BF4B-00C04F79EFBC}") = "Model", "Model\Model.csproj", "{D5DEE53F-93A8-49AD-B6C6-2AD248A202A6}"
EndProject
Project("{FAE04EC0-301F-11D3-BF4B-00C04F79EFBC}") = "ViewModel", "ViewModel\ViewModel.csproj", "{15046FEB-23E6-43A4-9ED8-AC856487FA92}"
EndProject
Project("{FAE04EC0-301F-11D3-BF4B-00C04F79EFBC}") = "Test", "Test\Test.csproj", "{34713D54-4EFD-442C-95A6-3D8F811A5D2E}"
EndProject
Global
	GlobalSection(SolutionConfigurationPlatforms) = preSolution
		Debug|Any CPU = Debug|Any CPU
		Release|Any CPU = Release|Any CPU
	EndGlobalSection
	GlobalSection(ProjectConfigurationPlatforms) = postSolution
		{5A10D5F8-52DD-4112-8728-10FCEEE04A36}.Debug|Any CPU.ActiveCfg = Debug|Any CPU
		{5A10D5F8-52DD-4112-8728-10FCEEE04A36}.Debug|Any CPU.Build.0 = Debug|Any CPU
		{5A10D5F8-52DD-4112-8728-10FCEEE04A36}.Release|Any CPU.ActiveCfg = Release|Any CPU
		{5A10D5F8-52DD-4112-8728-10FCEEE04A36}.Release|Any CPU.Build.0 = Release|Any CPU
		{9124CE75-4219-46F5-AD53-F7AC8C2EA377}.Debug|Any CPU.ActiveCfg = Debug|Any CPU
		{9124CE75-4219-46F5-AD53-F7AC8C2EA377}.Debug|Any CPU.Build.0 = Debug|Any CPU
		{9124CE75-4219-46F5-AD53-F7AC8C2EA377}.Release|Any CPU.ActiveCfg = Release|Any CPU
		{9124CE75-4219-46F5-AD53-F7AC8C2EA377}.Release|Any CPU.Build.0 = Release|Any CPU
		{56BAB99D-08F2-4259-9C85-4DA93B55220B}.Debug|Any CPU.ActiveCfg = Debug|Any CPU
		{56BAB99D-08F2-4259-9C85-4DA93B55220B}.Debug|Any CPU.Build.0 = Debug|Any CPU
		{56BAB99D-08F2-4259-9C85-4DA93B55220B}.Release|Any CPU.ActiveCfg = Release|Any CPU
		{56BAB99D-08F2-4259-9C85-4DA93B55220B}.Release|Any CPU.Build.0 = Release|Any CPU
		{D5DEE53F-93A8-49AD-B6C6-2AD248A202A6}.Debug|Any CPU.ActiveCfg = Debug|Any CPU
		{D5DEE53F-93A8-49AD-B6C6-2AD248A202A6}.Debug|Any CPU.Build.0 = Debug|Any CPU
		{D5DEE53F-93A8-49AD-B6C6-2AD248A202A6}.Release|Any CPU.ActiveCfg = Release|Any CPU
		{D5DEE53F-93A8-49AD-B6C6-2AD248A202A6}.Release|Any CPU.Build.0 = Release|Any CPU
		{15046FEB-23E6-43A4-9ED8-AC856487FA92}.Debug|Any CPU.ActiveCfg = Debug|Any CPU
		{15046FEB-23E6-43A4-9ED8-AC856487FA92}.Debug|Any CPU.Build.0 = Debug|Any CPU
		{15046FEB-23E6-43A4-9ED8-AC856487FA92}.Release|Any CPU.ActiveCfg = Release|Any CPU
		{15046FEB-23E6-43A4-9ED8-AC856487FA92}.Release|Any CPU.Build.0 = Release|Any CPU
		{34713D54-4EFD-442C-95A6-3D8F811A5D2E}.Debug|Any CPU.ActiveCfg = Debug|Any CPU
		{34713D54-4EFD-442C-95A6-3D8F811A5D2E}.Debug|Any CPU.Build.0 = Debug|Any CPU
		{34713D54-4EFD-442C-95A6-3D8F811A5D2E}.Release|Any CPU.ActiveCfg = Release|Any CPU
		{34713D54-4EFD-442C-95A6-3D8F811A5D2E}.Release|Any CPU.Build.0 = Release|Any CPU
	EndGlobalSection
	GlobalSection(SolutionProperties) = preSolution
		HideSolutionNode = FALSE
	EndGlobalSection
	GlobalSection(ExtensibilityGlobals) = postSolution
		SolutionGuid = {BFEE16A4-05EC-424B-BEB5-CA74C41B64D5}
	EndGlobalSection
EndGlobal
